{
  "pins" : [
    {
      "identity" : "legacy",
      "kind" : "remoteSourceControl",
      "location" : "https://github.com/eugeneego/legacy",
      "state" : {
        "revision" : "68956f7c085fee024778619d0f42a36429b66c5f",
        "version" : "8.0.2"
      }
    },
    {
      "identity" : "legacy-gallery",
      "kind" : "remoteSourceControl",
      "location" : "https://github.com/eugeneego/legacy-gallery",
      "state" : {
        "revision" : "0b14f03907cf9bbcfe100b1e17ba743911b00357",
        "version" : "2.0.1"
      }
    }
  ],
  "version" : 2
}
